{
  "name": "test",
  "version": "1.0.0",
  "lockfileVersion": 1,
  "requires": true,
  "dependencies": {
    "edges": {
      "version": "1.0.2",
      "resolved": "https://registry.npmjs.org/edges/-/edges-1.0.2.tgz",
      "integrity": "sha512-TxjPVzhZBbIAMwzLHhIO3mzcbf4h/6iwg/T5RfqzfaV153S1MUbpcL4FfxYI9IGLtm4qeZmzonZFK7vUlQbzgQ=="
    }
  }
}
