{
  "name": "test",
  "version": "1.0.0",
  "lockfileVersion": 1,
  "requires": true,
  "dependencies": {
    "edges": {
      "version": "1.0.5",
      "resolved": "https://registry.npmjs.org/edges/-/edges-1.0.5.tgz",
      "integrity": "sha512-M/KtaP2k/isPTWiJUHhxvfTtwESXRc89jxVXSuU3Q/8EYyfUYwwWmEd9FWj3Wwif0eMAxpKH5T4tWeui899oxA=="
    }
  }
}
